
Microsoft Visual Studio Solution File, Format Version 12.00
# Visual Studio Version 17
VisualStudioVersion = 17.5.33530.505
MinimumVisualStudioVersion = 10.0.40219.1
Project("{FAE04EC0-301F-11D3-BF4B-00C04F79EFBC}") = "ConsoleNobel", "ConsoleNobel.csproj", "{2BEDC597-62A5-4434-94B7-698E6ABC3265}"
EndProject
Global
	GlobalSection(SolutionConfigurationPlatforms) = preSolution
		Debug|Any CPU = Debug|Any CPU
		Release|Any CPU = Release|Any CPU
	EndGlobalSection
	GlobalSection(ProjectConfigurationPlatforms) = postSolution
		{2BEDC597-62A5-4434-94B7-698E6ABC3265}.Debug|Any CPU.ActiveCfg = Debug|Any CPU
		{2BEDC597-62A5-4434-94B7-698E6ABC3265}.Debug|Any CPU.Build.0 = Debug|Any CPU
		{2BEDC597-62A5-4434-94B7-698E6ABC3265}.Release|Any CPU.ActiveCfg = Release|Any CPU
		{2BEDC597-62A5-4434-94B7-698E6ABC3265}.Release|Any CPU.Build.0 = Release|Any CPU
	EndGlobalSection
	GlobalSection(SolutionProperties) = preSolution
		HideSolutionNode = FALSE
	EndGlobalSection
	GlobalSection(ExtensibilityGlobals) = postSolution
		SolutionGuid = {58EB2965-4BFF-44EE-A7E4-6F1957ED89B2}
	EndGlobalSection
EndGlobal
